
Microsoft Visual Studio Solution File, Format Version 12.00
# Visual Studio 15
VisualStudioVersion = 15.0.28307.421
MinimumVisualStudioVersion = 10.0.40219.1
Project("{FAE04EC0-301F-11D3-BF4B-00C04F79EFBC}") = "Platforms", "Platforms.csproj", "{2B8EAAA0-0477-4E41-BA46-274946DD38B9}"
EndProject
Global
	GlobalSection(SolutionConfigurationPlatforms) = preSolution
		Debug|x86 = Debug|x86
		Release|x86 = Release|x86
	EndGlobalSection
	GlobalSection(ProjectConfigurationPlatforms) = postSolution
		{2B8EAAA0-0477-4E41-BA46-274946DD38B9}.Debug|x86.ActiveCfg = Debug|x86
		{2B8EAAA0-0477-4E41-BA46-274946DD38B9}.Debug|x86.Build.0 = Debug|x86
		{2B8EAAA0-0477-4E41-BA46-274946DD38B9}.Release|x86.ActiveCfg = Release|x86
		{2B8EAAA0-0477-4E41-BA46-274946DD38B9}.Release|x86.Build.0 = Release|x86
	EndGlobalSection
	GlobalSection(SolutionProperties) = preSolution
		HideSolutionNode = FALSE
	EndGlobalSection
	GlobalSection(ExtensibilityGlobals) = postSolution
		SolutionGuid = {4890707F-AC72-4290-B590-62A2CC85B2F2}
	EndGlobalSection
EndGlobal
